// !$*UTF8*$!
{
	archiveVersion = 1;
	classes = {
	};
	objectVersion = 46;
	objects = {

/* Begin PBXBuildFile section */
		AB2346B91C1527B2008B6A4C /* AppDelegate.swift in Sources */ = {isa = PBXBuildFile; fileRef = AB2346B81C1527B2008B6A4C /* AppDelegate.swift */; };
		AB2346BB1C1527B2008B6A4C /* ViewController.swift in Sources */ = {isa = PBXBuildFile; fileRef = AB2346BA1C1527B2008B6A4C /* ViewController.swift */; };
		AB2346BD1C1527B2008B6A4C /* Assets.xcassets in Resources */ = {isa = PBXBuildFile; fileRef = AB2346BC1C1527B2008B6A4C /* Assets.xcassets */; };
		AB2346C01C1527B3008B6A4C /* Main.storyboard in Resources */ = {isa = PBXBuildFile; fileRef = AB2346BE1C1527B3008B6A4C /* Main.storyboard */; };
/* End PBXBuildFile section */

/* Begin PBXFileReference section */
		AB2346B51C1527B2008B6A4C /* AutoPullRequest.app */ = {isa = PBXFileReference; explicitFileType = wrapper.application; includeInIndex = 0; path = AutoPullRequest.app; sourceTree = BUILT_PRODUCTS_DIR; };
		AB2346B81C1527B2008B6A4C /* AppDelegate.swift */ = {isa = PBXFileReference; lastKnownFileType = sourcecode.swift; path = AppDelegate.swift; sourceTree = "<group>"; };
		AB2346BA1C1527B2008B6A4C /* ViewController.swift */ = {isa = PBXFileReference; lastKnownFileType = sourcecode.swift; path = ViewController.swift; sourceTree = "<group>"; };
		AB2346BC1C1527B2008B6A4C /* Assets.xcassets */ = {isa = PBXFileReference; lastKnownFileType = folder.assetcatalog; path = Assets.xcassets; sourceTree = "<group>"; };
		AB2346BF1C1527B3008B6A4C /* Base */ = {isa = PBXFileReference; lastKnownFileType = file.storyboard; name = Base; path = Base.lproj/Main.storyboard; sourceTree = "<group>"; };
		AB2346C11C1527B3008B6A4C /* Info.plist */ = {isa = PBXFileReference; lastKnownFileType = text.plist.xml; path = Info.plist; sourceTree = "<group>"; };
/* End PBXFileReference section */

/* Begin PBXFrameworksBuildPhase section */
		AB2346B21C1527B2008B6A4C /* Frameworks */ = {
			isa = PBXFrameworksBuildPhase;
			buildActionMask = 2147483647;
			files = (
			);
			runOnlyForDeploymentPostprocessing = 0;
		};
/* End PBXFrameworksBuildPhase section */

/* Begin PBXGroup section */
		AB2346AC1C1527B2008B6A4C = {
			isa = PBXGroup;
			children = (
				AB2346B71C1527B2008B6A4C /* AutoPullRequest */,
				AB2346B61C1527B2008B6A4C /* Products */,
			);
			sourceTree = "<group>";
		};
		AB2346B61C1527B2008B6A4C /* Products */ = {
			isa = PBXGroup;
			children = (
				AB2346B51C1527B2008B6A4C /* AutoPullRequest.app */,
			);
			name = Products;
			sourceTree = "<group>";
		};
		AB2346B71C1527B2008B6A4C /* AutoPullRequest */ = {
			isa = PBXGroup;
			children = (
				AB2346B81C1527B2008B6A4C /* AppDelegate.swift */,
				AB2346BA1C1527B2008B6A4C /* ViewController.swift */,
				AB2346BC1C1527B2008B6A4C /* Assets.xcassets */,
				AB2346BE1C1527B3008B6A4C /* Main.storyboard */,
				AB2346C11C1527B3008B6A4C /* Info.plist */,
			);
			path = AutoPullRequest;
			sourceTree = "<group>";
		};
/* End PBXGroup section */

/* Begin PBXNativeTarget section */
		AB2346B41C1527B2008B6A4C /* AutoPullRequest */ = {
			isa = PBXNativeTarget;
			buildConfigurationList = AB2346C41C1527B3008B6A4C /* Build configuration list for PBXNativeTarget "AutoPullRequest" */;
			buildPhases = (
				AB2346B11C1527B2008B6A4C /* Sources */,
				AB2346B21C1527B2008B6A4C /* Frameworks */,
				AB2346B31C1527B2008B6A4C /* Resources */,
			);
			buildRules = (
			);
			dependencies = (
			);
			name = AutoPullRequest;
			productName = AutoPullRequest;
			productReference = AB2346B51C1527B2008B6A4C /* AutoPullRequest.app */;
			productType = "com.apple.product-type.application";
		};
/* End PBXNativeTarget section */

/* Begin PBXProject section */
		AB2346AD1C1527B2008B6A4C /* Project object */ = {
			isa = PBXProject;
			attributes = {
				LastSwiftUpdateCheck = 0710;
				LastUpgradeCheck = 0710;
				ORGANIZATIONNAME = gogolook;
				TargetAttributes = {
					AB2346B41C1527B2008B6A4C = {
						CreatedOnToolsVersion = 7.1;
					};
				};
			};
			buildConfigurationList = AB2346B01C1527B2008B6A4C /* Build configuration list for PBXProject "AutoPullRequest" */;
			compatibilityVersion = "Xcode 3.2";
			developmentRegion = English;
			hasScannedForEncodings = 0;
			knownRegions = (
				en,
				Base,
			);
			mainGroup = AB2346AC1C1527B2008B6A4C;
			productRefGroup = AB2346B61C1527B2008B6A4C /* Products */;
			projectDirPath = "";
			projectRoot = "";
			targets = (
				AB2346B41C1527B2008B6A4C /* AutoPullRequest */,
			);
		};
/* End PBXProject section */

/* Begin PBXResourcesBuildPhase section */
		AB2346B31C1527B2008B6A4C /* Resources */ = {
			isa = PBXResourcesBuildPhase;
			buildActionMask = 2147483647;
			files = (
				AB2346BD1C1527B2008B6A4C /* Assets.xcassets in Resources */,
				AB2346C01C1527B3008B6A4C /* Main.storyboard in Resources */,
			);
			runOnlyForDeploymentPostprocessing = 0;
		};
/* End PBXResourcesBuildPhase section */

/* Begin PBXSourcesBuildPhase section */
		AB2346B11C1527B2008B6A4C /* Sources */ = {
			isa = PBXSourcesBuildPhase;
			buildActionMask = 2147483647;
			files = (
				AB2346BB1C1527B2008B6A4C /* ViewController.swift in Sources */,
				AB2346B91C1527B2008B6A4C /* AppDelegate.swift in Sources */,
			);
			runOnlyForDeploymentPostprocessing = 0;
		};
/* End PBXSourcesBuildPhase section */

/* Begin PBXVariantGroup section */
		AB2346BE1C1527B3008B6A4C /* Main.storyboard */ = {
			isa = PBXVariantGroup;
			children = (
				AB2346BF1C1527B3008B6A4C /* Base */,
			);
			name = Main.storyboard;
			sourceTree = "<group>";
		};
/* End PBXVariantGroup section */

/* Begin XCBuildConfiguration section */
		AB2346C21C1527B3008B6A4C /* Debug */ = {
			isa = XCBuildConfiguration;
			buildSettings = {
				ALWAYS_SEARCH_USER_PATHS = NO;
				CLANG_CXX_LANGUAGE_STANDARD = "gnu++0x";
				CLANG_CXX_LIBRARY = "libc++";
				CLANG_ENABLE_MODULES = YES;
				CLANG_ENABLE_OBJC_ARC = YES;
				CLANG_WARN_BOOL_CONVERSION = YES;
				CLANG_WARN_CONSTANT_CONVERSION = YES;
				CLANG_WARN_DIRECT_OBJC_ISA_USAGE = YES_ERROR;
				CLANG_WARN_EMPTY_BODY = YES;
				CLANG_WARN_ENUM_CONVERSION = YES;
				CLANG_WARN_INT_CONVERSION = YES;
				CLANG_WARN_OBJC_ROOT_CLASS = YES_ERROR;
				CLANG_WARN_UNREACHABLE_CODE = YES;
				CLANG_WARN__DUPLICATE_METHOD_MATCH = YES;
				CODE_SIGN_IDENTITY = "-";
				COPY_PHASE_STRIP = NO;
				DEBUG_INFORMATION_FORMAT = dwarf;
				ENABLE_STRICT_OBJC_MSGSEND = YES;
				ENABLE_TESTABILITY = YES;
				GCC_C_LANGUAGE_STANDARD = gnu99;
				GCC_DYNAMIC_NO_PIC = NO;
				GCC_NO_COMMON_BLOCKS = YES;
				GCC_OPTIMIZATION_LEVEL = 0;
				GCC_PREPROCESSOR_DEFINITIONS = (
					"DEBUG=1",
					"$(inherited)",
				);
				GCC_WARN_64_TO_32_BIT_CONVERSION = YES;
				GCC_WARN_ABOUT_RETURN_TYPE = YES_ERROR;
				GCC_WARN_UNDECLARED_SELECTOR = YES;
				GCC_WARN_UNINITIALIZED_AUTOS = YES_AGGRESSIVE;
				GCC_WARN_UNUSED_FUNCTION = YES;
				GCC_WARN_UNUSED_VARIABLE = YES;
				MACOSX_DEPLOYMENT_TARGET = 10.10;
				MTL_ENABLE_DEBUG_INFO = YES;
				ONLY_ACTIVE_ARCH = YES;
				SDKROOT = macosx;
				SWIFT_OPTIMIZATION_LEVEL = "-Onone";
			};
			name = Debug;
		};
		AB2346C31C1527B3008B6A4C /* Release */ = {
			isa = XCBuildConfiguration;
			buildSettings = {
				ALWAYS_SEARCH_USER_PATHS = NO;
				CLANG_CXX_LANGUAGE_STANDARD = "gnu++0x";
				CLANG_CXX_LIBRARY = "libc++";
				CLANG_ENABLE_MODULES = YES;
				CLANG_ENABLE_OBJC_ARC = YES;
				CLANG_WARN_BOOL_CONVERSION = YES;
				CLANG_WARN_CONSTANT_CONVERSION = YES;
				CLANG_WARN_DIRECT_OBJC_ISA_USAGE = YES_ERROR;
				CLANG_WARN_EMPTY_BODY = YES;
				CLANG_WARN_ENUM_CONVERSION = YES;
				CLANG_WARN_INT_CONVERSION = YES;
				CLANG_WARN_OBJC_ROOT_CLASS = YES_ERROR;
				CLANG_WARN_UNREACHABLE_CODE = YES;
				CLANG_WARN__DUPLICATE_METHOD_MATCH = YES;
				CODE_SIGN_IDENTITY = "-";
				COPY_PHASE_STRIP = NO;
				DEBUG_INFORMATION_FORMAT = "dwarf-with-dsym";
				ENABLE_NS_ASSERTIONS = NO;
				ENABLE_STRICT_OBJC_MSGSEND = YES;
				GCC_C_LANGUAGE_STANDARD = gnu99;
				GCC_NO_COMMON_BLOCKS = YES;
				GCC_WARN_64_TO_32_BIT_CONVERSION = YES;
				GCC_WARN_ABOUT_RETURN_TYPE = YES_ERROR;
				GCC_WARN_UNDECLARED_SELECTOR = YES;
				GCC_WARN_UNINITIALIZED_AUTOS = YES_AGGRESSIVE;
				GCC_WARN_UNUSED_FUNCTION = YES;
				GCC_WARN_UNUSED_VARIABLE = YES;
				MACOSX_DEPLOYMENT_TARGET = 10.10;
				MTL_ENABLE_DEBUG_INFO = NO;
				SDKROOT = macosx;
			};
			name = Release;
		};
		AB2346C51C1527B3008B6A4C /* Debug */ = {
			isa = XCBuildConfiguration;
			buildSettings = {
				ASSETCATALOG_COMPILER_APPICON_NAME = AppIcon;
				COMBINE_HIDPI_IMAGES = YES;
				INFOPLIST_FILE = AutoPullRequest/Info.plist;
				LD_RUNPATH_SEARCH_PATHS = "$(inherited) @executable_path/../Frameworks";
				PRODUCT_BUNDLE_IDENTIFIER = com.gogolook.AutoPullRequest;
				PRODUCT_NAME = "$(TARGET_NAME)";
			};
			name = Debug;
		};
		AB2346C61C1527B3008B6A4C /* Release */ = {
			isa = XCBuildConfiguration;
			buildSettings = {
				ASSETCATALOG_COMPILER_APPICON_NAME = AppIcon;
				COMBINE_HIDPI_IMAGES = YES;
				INFOPLIST_FILE = AutoPullRequest/Info.plist;
				LD_RUNPATH_SEARCH_PATHS = "$(inherited) @executable_path/../Frameworks";
				PRODUCT_BUNDLE_IDENTIFIER = com.gogolook.AutoPullRequest;
				PRODUCT_NAME = "$(TARGET_NAME)";
			};
			name = Release;
		};
/* End XCBuildConfiguration section */

/* Begin XCConfigurationList section */
		AB2346B01C1527B2008B6A4C /* Build configuration list for PBXProject "AutoPullRequest" */ = {
			isa = XCConfigurationList;
			buildConfigurations = (
				AB2346C21C1527B3008B6A4C /* Debug */,
				AB2346C31C1527B3008B6A4C /* Release */,
			);
			defaultConfigurationIsVisible = 0;
			defaultConfigurationName = Release;
		};
		AB2346C41C1527B3008B6A4C /* Build configuration list for PBXNativeTarget "AutoPullRequest" */ = {
			isa = XCConfigurationList;
			buildConfigurations = (
				AB2346C51C1527B3008B6A4C /* Debug */,
				AB2346C61C1527B3008B6A4C /* Release */,
			);
			defaultConfigurationIsVisible = 0;
		};
/* End XCConfigurationList section */
	};
	rootObject = AB2346AD1C1527B2008B6A4C /* Project object */;
}
